// !$*UTF8*$!
{
	archiveVersion = 1;
	classes = {
	};
	objectVersion = 46;
	objects = {

/* Begin PBXBuildFile section */
		B35A0DB31E63C85800B9BBA4 /* main.m in Sources */ = {isa = PBXBuildFile; fileRef = B35A0DB21E63C85800B9BBA4 /* main.m */; };
		B35A0DB61E63C85800B9BBA4 /* AppDelegate.m in Sources */ = {isa = PBXBuildFile; fileRef = B35A0DB51E63C85800B9BBA4 /* AppDelegate.m */; };
		B35A0DB91E63C85800B9BBA4 /* ViewController.m in Sources */ = {isa = PBXBuildFile; fileRef = B35A0DB81E63C85800B9BBA4 /* ViewController.m */; };
		B35A0DBC1E63C85800B9BBA4 /* Main.storyboard in Resources */ = {isa = PBXBuildFile; fileRef = B35A0DBA1E63C85800B9BBA4 /* Main.storyboard */; };
		B35A0DBE1E63C85800B9BBA4 /* Assets.xcassets in Resources */ = {isa = PBXBuildFile; fileRef = B35A0DBD1E63C85800B9BBA4 /* Assets.xcassets */; };
		B35A0DC11E63C85800B9BBA4 /* LaunchScreen.storyboard in Resources */ = {isa = PBXBuildFile; fileRef = B35A0DBF1E63C85800B9BBA4 /* LaunchScreen.storyboard */; };
		B35A0DCC1E63C85800B9BBA4 /* SNTableViewHelperTests.m in Sources */ = {isa = PBXBuildFile; fileRef = B35A0DCB1E63C85800B9BBA4 /* SNTableViewHelperTests.m */; };
		B35A0DD71E63C85800B9BBA4 /* SNTableViewHelperUITests.m in Sources */ = {isa = PBXBuildFile; fileRef = B35A0DD61E63C85800B9BBA4 /* SNTableViewHelperUITests.m */; };
		B35A0DE71E63C98A00B9BBA4 /* SNTableViewHelperManager.m in Sources */ = {isa = PBXBuildFile; fileRef = B35A0DE61E63C98A00B9BBA4 /* SNTableViewHelperManager.m */; };
		B35A0DEA1E63CE2D00B9BBA4 /* UITableViewCell+SNTableViewHelper.m in Sources */ = {isa = PBXBuildFile; fileRef = B35A0DE91E63CE2D00B9BBA4 /* UITableViewCell+SNTableViewHelper.m */; };
		B35A0DED1E63CE3C00B9BBA4 /* UITableView+SNTableViewHelper.m in Sources */ = {isa = PBXBuildFile; fileRef = B35A0DEC1E63CE3C00B9BBA4 /* UITableView+SNTableViewHelper.m */; };
		B35A0DF01E63CE8300B9BBA4 /* SNTableViewProtocl.m in Sources */ = {isa = PBXBuildFile; fileRef = B35A0DEF1E63CE8300B9BBA4 /* SNTableViewProtocl.m */; };
		B35A0DF31E63CE9400B9BBA4 /* SNTableViewDataSource.m in Sources */ = {isa = PBXBuildFile; fileRef = B35A0DF21E63CE9400B9BBA4 /* SNTableViewDataSource.m */; };
		B35A0DF61E63CEA500B9BBA4 /* SNTableViewDelegate.m in Sources */ = {isa = PBXBuildFile; fileRef = B35A0DF51E63CEA500B9BBA4 /* SNTableViewDelegate.m */; };
		B35A0DF91E63CEDA00B9BBA4 /* SNTableViewSectionHelper.m in Sources */ = {isa = PBXBuildFile; fileRef = B35A0DF81E63CEDA00B9BBA4 /* SNTableViewSectionHelper.m */; };
		B35A0DFC1E63CEEC00B9BBA4 /* SNTableViewCellHelper.m in Sources */ = {isa = PBXBuildFile; fileRef = B35A0DFB1E63CEEC00B9BBA4 /* SNTableViewCellHelper.m */; };
		B35A0E021E63CF7800B9BBA4 /* SNTableViewHelper.m in Sources */ = {isa = PBXBuildFile; fileRef = B35A0E011E63CF7800B9BBA4 /* SNTableViewHelper.m */; };
		B35A0E061E63D6B000B9BBA4 /* ViewCell.m in Sources */ = {isa = PBXBuildFile; fileRef = B35A0E041E63D6B000B9BBA4 /* ViewCell.m */; };
		B35A0E071E63D6B000B9BBA4 /* ViewCell.xib in Resources */ = {isa = PBXBuildFile; fileRef = B35A0E051E63D6B000B9BBA4 /* ViewCell.xib */; };
		B394DF641E6567310088023B /* SNTableViewDataSourceSection.m in Sources */ = {isa = PBXBuildFile; fileRef = B394DF631E6567310088023B /* SNTableViewDataSourceSection.m */; };
		B394DF681E669D1B0088023B /* TestViewController.m in Sources */ = {isa = PBXBuildFile; fileRef = B394DF661E669D1B0088023B /* TestViewController.m */; };
		B394DF691E669D1B0088023B /* TestViewController.xib in Resources */ = {isa = PBXBuildFile; fileRef = B394DF671E669D1B0088023B /* TestViewController.xib */; };
		B394DF711E66BDFD0088023B /* EXTScope.m in Sources */ = {isa = PBXBuildFile; fileRef = B394DF701E66BDFD0088023B /* EXTScope.m */; };
		B394DF8F1E67C5A30088023B /* MASCompositeConstraint.m in Sources */ = {isa = PBXBuildFile; fileRef = B394DF761E67C5A30088023B /* MASCompositeConstraint.m */; };
		B394DF901E67C5A30088023B /* MASConstraint.m in Sources */ = {isa = PBXBuildFile; fileRef = B394DF791E67C5A30088023B /* MASConstraint.m */; };
		B394DF911E67C5A30088023B /* MASConstraintMaker.m in Sources */ = {isa = PBXBuildFile; fileRef = B394DF7B1E67C5A30088023B /* MASConstraintMaker.m */; };
		B394DF921E67C5A30088023B /* MASLayoutConstraint.m in Sources */ = {isa = PBXBuildFile; fileRef = B394DF7D1E67C5A30088023B /* MASLayoutConstraint.m */; };
		B394DF931E67C5A30088023B /* MASViewAttribute.m in Sources */ = {isa = PBXBuildFile; fileRef = B394DF811E67C5A30088023B /* MASViewAttribute.m */; };
		B394DF941E67C5A30088023B /* MASViewConstraint.m in Sources */ = {isa = PBXBuildFile; fileRef = B394DF831E67C5A30088023B /* MASViewConstraint.m */; };
		B394DF951E67C5A30088023B /* NSArray+MASAdditions.m in Sources */ = {isa = PBXBuildFile; fileRef = B394DF851E67C5A30088023B /* NSArray+MASAdditions.m */; };
		B394DF961E67C5A30088023B /* NSLayoutConstraint+MASDebugAdditions.m in Sources */ = {isa = PBXBuildFile; fileRef = B394DF881E67C5A30088023B /* NSLayoutConstraint+MASDebugAdditions.m */; };
		B394DF971E67C5A30088023B /* View+MASAdditions.m in Sources */ = {isa = PBXBuildFile; fileRef = B394DF8A1E67C5A30088023B /* View+MASAdditions.m */; };
		B394DF981E67C5A30088023B /* ViewController+MASAdditions.m in Sources */ = {isa = PBXBuildFile; fileRef = B394DF8D1E67C5A30088023B /* ViewController+MASAdditions.m */; };
		B394DF9B1E67CB0F0088023B /* TestViewCell.m in Sources */ = {isa = PBXBuildFile; fileRef = B394DF9A1E67CB0F0088023B /* TestViewCell.m */; };
		B394DFC81E6813F80088023B /* activity1.jpg in Resources */ = {isa = PBXBuildFile; fileRef = B394DF9D1E6813F80088023B /* activity1.jpg */; };
		B394DFC91E6813F80088023B /* activity2.jpg in Resources */ = {isa = PBXBuildFile; fileRef = B394DF9E1E6813F80088023B /* activity2.jpg */; };
		B394DFCA1E6813F80088023B /* activity3.jpg in Resources */ = {isa = PBXBuildFile; fileRef = B394DF9F1E6813F80088023B /* activity3.jpg */; };
		B394DFCB1E6813F80088023B /* activity4.jpg in Resources */ = {isa = PBXBuildFile; fileRef = B394DFA01E6813F80088023B /* activity4.jpg */; };
		B394DFCC1E6813F80088023B /* avatar_01.jpg in Resources */ = {isa = PBXBuildFile; fileRef = B394DFA11E6813F80088023B /* avatar_01.jpg */; };
		B394DFCD1E6813F80088023B /* avatar_02.jpg in Resources */ = {isa = PBXBuildFile; fileRef = B394DFA21E6813F80088023B /* avatar_02.jpg */; };
		B394DFCE1E6813F80088023B /* avatar_03.jpg in Resources */ = {isa = PBXBuildFile; fileRef = B394DFA31E6813F80088023B /* avatar_03.jpg */; };
		B394DFCF1E6813F80088023B /* avatar_04.jpg in Resources */ = {isa = PBXBuildFile; fileRef = B394DFA41E6813F80088023B /* avatar_04.jpg */; };
		B394DFD01E6813F80088023B /* avatar_05.jpg in Resources */ = {isa = PBXBuildFile; fileRef = B394DFA51E6813F80088023B /* avatar_05.jpg */; };
		B394DFD11E6813F80088023B /* avatar_06.jpg in Resources */ = {isa = PBXBuildFile; fileRef = B394DFA61E6813F80088023B /* avatar_06.jpg */; };
		B394DFD21E6813F80088023B /* avatar_07.jpg in Resources */ = {isa = PBXBuildFile; fileRef = B394DFA71E6813F80088023B /* avatar_07.jpg */; };
		B394DFD31E6813F80088023B /* avatar_08.jpg in Resources */ = {isa = PBXBuildFile; fileRef = B394DFA81E6813F80088023B /* avatar_08.jpg */; };
		B394DFD41E6813F80088023B /* banner1.png in Resources */ = {isa = PBXBuildFile; fileRef = B394DFA91E6813F80088023B /* banner1.png */; };
		B394DFD51E6813F80088023B /* banner2.png in Resources */ = {isa = PBXBuildFile; fileRef = B394DFAA1E6813F80088023B /* banner2.png */; };
		B394DFD61E6813F80088023B /* banner3.png in Resources */ = {isa = PBXBuildFile; fileRef = B394DFAB1E6813F80088023B /* banner3.png */; };
		B394DFD71E6813F80088023B /* banner4.png in Resources */ = {isa = PBXBuildFile; fileRef = B394DFAC1E6813F80088023B /* banner4.png */; };
		B394DFD81E6813F80088023B /* banner5.png in Resources */ = {isa = PBXBuildFile; fileRef = B394DFAD1E6813F80088023B /* banner5.png */; };
		B394DFD91E6813F80088023B /* banner6.png in Resources */ = {isa = PBXBuildFile; fileRef = B394DFAE1E6813F80088023B /* banner6.png */; };
		B394DFDA1E6813F80088023B /* category1.png in Resources */ = {isa = PBXBuildFile; fileRef = B394DFAF1E6813F80088023B /* category1.png */; };
		B394DFDB1E6813F80088023B /* category2.png in Resources */ = {isa = PBXBuildFile; fileRef = B394DFB01E6813F80088023B /* category2.png */; };
		B394DFDC1E6813F80088023B /* category3.png in Resources */ = {isa = PBXBuildFile; fileRef = B394DFB11E6813F80088023B /* category3.png */; };
		B394DFDD1E6813F80088023B /* category4.png in Resources */ = {isa = PBXBuildFile; fileRef = B394DFB21E6813F80088023B /* category4.png */; };
		B394DFDE1E6813F80088023B /* category5.png in Resources */ = {isa = PBXBuildFile; fileRef = B394DFB31E6813F80088023B /* category5.png */; };
		B394DFDF1E6813F80088023B /* category6.png in Resources */ = {isa = PBXBuildFile; fileRef = B394DFB41E6813F80088023B /* category6.png */; };
		B394DFE01E6813F80088023B /* category7.png in Resources */ = {isa = PBXBuildFile; fileRef = B394DFB51E6813F80088023B /* category7.png */; };
		B394DFE11E6813F80088023B /* category8.png in Resources */ = {isa = PBXBuildFile; fileRef = B394DFB61E6813F80088023B /* category8.png */; };
		B394DFE21E6813F80088023B /* feed.json in Resources */ = {isa = PBXBuildFile; fileRef = B394DFB71E6813F80088023B /* feed.json */; };
		B394DFE31E6813F80088023B /* goods1.jpg in Resources */ = {isa = PBXBuildFile; fileRef = B394DFB81E6813F80088023B /* goods1.jpg */; };
		B394DFE41E6813F80088023B /* goods2.jpg in Resources */ = {isa = PBXBuildFile; fileRef = B394DFB91E6813F80088023B /* goods2.jpg */; };
		B394DFE51E6813F80088023B /* goods3.jpg in Resources */ = {isa = PBXBuildFile; fileRef = B394DFBA1E6813F80088023B /* goods3.jpg */; };
		B394DFE61E6813F80088023B /* goods4.jpg in Resources */ = {isa = PBXBuildFile; fileRef = B394DFBB1E6813F80088023B /* goods4.jpg */; };
		B394DFE71E6813F80088023B /* goods5.jpg in Resources */ = {isa = PBXBuildFile; fileRef = B394DFBC1E6813F80088023B /* goods5.jpg */; };
		B394DFE81E6813F80088023B /* goods6.jpg in Resources */ = {isa = PBXBuildFile; fileRef = B394DFBD1E6813F80088023B /* goods6.jpg */; };
		B394DFE91E6813F80088023B /* goods7.jpg in Resources */ = {isa = PBXBuildFile; fileRef = B394DFBE1E6813F80088023B /* goods7.jpg */; };
		B394DFEA1E6813F80088023B /* goods8.jpg in Resources */ = {isa = PBXBuildFile; fileRef = B394DFBF1E6813F80088023B /* goods8.jpg */; };
		B394DFEB1E6813F80088023B /* image1.jpg in Resources */ = {isa = PBXBuildFile; fileRef = B394DFC01E6813F80088023B /* image1.jpg */; };
		B394DFEC1E6813F80088023B /* image2.jpg in Resources */ = {isa = PBXBuildFile; fileRef = B394DFC11E6813F80088023B /* image2.jpg */; };
		B394DFED1E6813F80088023B /* image3.jpg in Resources */ = {isa = PBXBuildFile; fileRef = B394DFC21E6813F80088023B /* image3.jpg */; };
		B394DFEE1E6813F80088023B /* image4.jpg in Resources */ = {isa = PBXBuildFile; fileRef = B394DFC31E6813F80088023B /* image4.jpg */; };
		B394DFEF1E6813F80088023B /* image5.jpg in Resources */ = {isa = PBXBuildFile; fileRef = B394DFC41E6813F80088023B /* image5.jpg */; };
		B394DFF01E6813F80088023B /* image6.jpg in Resources */ = {isa = PBXBuildFile; fileRef = B394DFC51E6813F80088023B /* image6.jpg */; };
		B394DFF11E6813F80088023B /* index.json in Resources */ = {isa = PBXBuildFile; fileRef = B394DFC61E6813F80088023B /* index.json */; };
		B394DFF21E6813F80088023B /* reward.json in Resources */ = {isa = PBXBuildFile; fileRef = B394DFC71E6813F80088023B /* reward.json */; };
/* End PBXBuildFile section */

/* Begin PBXContainerItemProxy section */
		B35A0DC81E63C85800B9BBA4 /* PBXContainerItemProxy */ = {
			isa = PBXContainerItemProxy;
			containerPortal = B35A0DA61E63C85800B9BBA4 /* Project object */;
			proxyType = 1;
			remoteGlobalIDString = B35A0DAD1E63C85800B9BBA4;
			remoteInfo = SNTableViewHelper;
		};
		B35A0DD31E63C85800B9BBA4 /* PBXContainerItemProxy */ = {
			isa = PBXContainerItemProxy;
			containerPortal = B35A0DA61E63C85800B9BBA4 /* Project object */;
			proxyType = 1;
			remoteGlobalIDString = B35A0DAD1E63C85800B9BBA4;
			remoteInfo = SNTableViewHelper;
		};
/* End PBXContainerItemProxy section */

/* Begin PBXFileReference section */
		B35A0DAE1E63C85800B9BBA4 /* SNTableViewHelper.app */ = {isa = PBXFileReference; explicitFileType = wrapper.application; includeInIndex = 0; path = SNTableViewHelper.app; sourceTree = BUILT_PRODUCTS_DIR; };
		B35A0DB21E63C85800B9BBA4 /* main.m */ = {isa = PBXFileReference; lastKnownFileType = sourcecode.c.objc; path = main.m; sourceTree = "<group>"; };
		B35A0DB41E63C85800B9BBA4 /* AppDelegate.h */ = {isa = PBXFileReference; lastKnownFileType = sourcecode.c.h; path = AppDelegate.h; sourceTree = "<group>"; };
		B35A0DB51E63C85800B9BBA4 /* AppDelegate.m */ = {isa = PBXFileReference; lastKnownFileType = sourcecode.c.objc; path = AppDelegate.m; sourceTree = "<group>"; };
		B35A0DB71E63C85800B9BBA4 /* ViewController.h */ = {isa = PBXFileReference; lastKnownFileType = sourcecode.c.h; path = ViewController.h; sourceTree = "<group>"; };
		B35A0DB81E63C85800B9BBA4 /* ViewController.m */ = {isa = PBXFileReference; lastKnownFileType = sourcecode.c.objc; path = ViewController.m; sourceTree = "<group>"; };
		B35A0DBB1E63C85800B9BBA4 /* Base */ = {isa = PBXFileReference; lastKnownFileType = file.storyboard; name = Base; path = Base.lproj/Main.storyboard; sourceTree = "<group>"; };
		B35A0DBD1E63C85800B9BBA4 /* Assets.xcassets */ = {isa = PBXFileReference; lastKnownFileType = folder.assetcatalog; path = Assets.xcassets; sourceTree = "<group>"; };
		B35A0DC01E63C85800B9BBA4 /* Base */ = {isa = PBXFileReference; lastKnownFileType = file.storyboard; name = Base; path = Base.lproj/LaunchScreen.storyboard; sourceTree = "<group>"; };
		B35A0DC21E63C85800B9BBA4 /* Info.plist */ = {isa = PBXFileReference; lastKnownFileType = text.plist.xml; path = Info.plist; sourceTree = "<group>"; };
		B35A0DC71E63C85800B9BBA4 /* SNTableViewHelperTests.xctest */ = {isa = PBXFileReference; explicitFileType = wrapper.cfbundle; includeInIndex = 0; path = SNTableViewHelperTests.xctest; sourceTree = BUILT_PRODUCTS_DIR; };
		B35A0DCB1E63C85800B9BBA4 /* SNTableViewHelperTests.m */ = {isa = PBXFileReference; lastKnownFileType = sourcecode.c.objc; path = SNTableViewHelperTests.m; sourceTree = "<group>"; };
		B35A0DCD1E63C85800B9BBA4 /* Info.plist */ = {isa = PBXFileReference; lastKnownFileType = text.plist.xml; path = Info.plist; sourceTree = "<group>"; };
		B35A0DD21E63C85800B9BBA4 /* SNTableViewHelperUITests.xctest */ = {isa = PBXFileReference; explicitFileType = wrapper.cfbundle; includeInIndex = 0; path = SNTableViewHelperUITests.xctest; sourceTree = BUILT_PRODUCTS_DIR; };
		B35A0DD61E63C85800B9BBA4 /* SNTableViewHelperUITests.m */ = {isa = PBXFileReference; lastKnownFileType = sourcecode.c.objc; path = SNTableViewHelperUITests.m; sourceTree = "<group>"; };
		B35A0DD81E63C85800B9BBA4 /* Info.plist */ = {isa = PBXFileReference; lastKnownFileType = text.plist.xml; path = Info.plist; sourceTree = "<group>"; };
		B35A0DE51E63C98A00B9BBA4 /* SNTableViewHelperManager.h */ = {isa = PBXFileReference; fileEncoding = 4; lastKnownFileType = sourcecode.c.h; path = SNTableViewHelperManager.h; sourceTree = "<group>"; };
		B35A0DE61E63C98A00B9BBA4 /* SNTableViewHelperManager.m */ = {isa = PBXFileReference; fileEncoding = 4; lastKnownFileType = sourcecode.c.objc; path = SNTableViewHelperManager.m; sourceTree = "<group>"; };
		B35A0DE81E63CE2D00B9BBA4 /* UITableViewCell+SNTableViewHelper.h */ = {isa = PBXFileReference; fileEncoding = 4; lastKnownFileType = sourcecode.c.h; path = "UITableViewCell+SNTableViewHelper.h"; sourceTree = "<group>"; };
		B35A0DE91E63CE2D00B9BBA4 /* UITableViewCell+SNTableViewHelper.m */ = {isa = PBXFileReference; fileEncoding = 4; lastKnownFileType = sourcecode.c.objc; path = "UITableViewCell+SNTableViewHelper.m"; sourceTree = "<group>"; };
		B35A0DEB1E63CE3C00B9BBA4 /* UITableView+SNTableViewHelper.h */ = {isa = PBXFileReference; fileEncoding = 4; lastKnownFileType = sourcecode.c.h; path = "UITableView+SNTableViewHelper.h"; sourceTree = "<group>"; };
		B35A0DEC1E63CE3C00B9BBA4 /* UITableView+SNTableViewHelper.m */ = {isa = PBXFileReference; fileEncoding = 4; lastKnownFileType = sourcecode.c.objc; path = "UITableView+SNTableViewHelper.m"; sourceTree = "<group>"; };
		B35A0DEE1E63CE8300B9BBA4 /* SNTableViewProtocl.h */ = {isa = PBXFileReference; fileEncoding = 4; lastKnownFileType = sourcecode.c.h; path = SNTableViewProtocl.h; sourceTree = "<group>"; };
		B35A0DEF1E63CE8300B9BBA4 /* SNTableViewProtocl.m */ = {isa = PBXFileReference; fileEncoding = 4; lastKnownFileType = sourcecode.c.objc; path = SNTableViewProtocl.m; sourceTree = "<group>"; };
		B35A0DF11E63CE9400B9BBA4 /* SNTableViewDataSource.h */ = {isa = PBXFileReference; fileEncoding = 4; lastKnownFileType = sourcecode.c.h; path = SNTableViewDataSource.h; sourceTree = "<group>"; };
		B35A0DF21E63CE9400B9BBA4 /* SNTableViewDataSource.m */ = {isa = PBXFileReference; fileEncoding = 4; lastKnownFileType = sourcecode.c.objc; path = SNTableViewDataSource.m; sourceTree = "<group>"; };
		B35A0DF41E63CEA500B9BBA4 /* SNTableViewDelegate.h */ = {isa = PBXFileReference; fileEncoding = 4; lastKnownFileType = sourcecode.c.h; path = SNTableViewDelegate.h; sourceTree = "<group>"; };
		B35A0DF51E63CEA500B9BBA4 /* SNTableViewDelegate.m */ = {isa = PBXFileReference; fileEncoding = 4; lastKnownFileType = sourcecode.c.objc; path = SNTableViewDelegate.m; sourceTree = "<group>"; };
		B35A0DF71E63CEDA00B9BBA4 /* SNTableViewSectionHelper.h */ = {isa = PBXFileReference; fileEncoding = 4; lastKnownFileType = sourcecode.c.h; path = SNTableViewSectionHelper.h; sourceTree = "<group>"; };
		B35A0DF81E63CEDA00B9BBA4 /* SNTableViewSectionHelper.m */ = {isa = PBXFileReference; fileEncoding = 4; lastKnownFileType = sourcecode.c.objc; path = SNTableViewSectionHelper.m; sourceTree = "<group>"; };
		B35A0DFA1E63CEEC00B9BBA4 /* SNTableViewCellHelper.h */ = {isa = PBXFileReference; fileEncoding = 4; lastKnownFileType = sourcecode.c.h; path = SNTableViewCellHelper.h; sourceTree = "<group>"; };
		B35A0DFB1E63CEEC00B9BBA4 /* SNTableViewCellHelper.m */ = {isa = PBXFileReference; fileEncoding = 4; lastKnownFileType = sourcecode.c.objc; path = SNTableViewCellHelper.m; sourceTree = "<group>"; };
		B35A0E001E63CF7800B9BBA4 /* SNTableViewHelper.h */ = {isa = PBXFileReference; fileEncoding = 4; lastKnownFileType = sourcecode.c.h; path = SNTableViewHelper.h; sourceTree = "<group>"; };
		B35A0E011E63CF7800B9BBA4 /* SNTableViewHelper.m */ = {isa = PBXFileReference; fileEncoding = 4; lastKnownFileType = sourcecode.c.objc; path = SNTableViewHelper.m; sourceTree = "<group>"; };
		B35A0E031E63D6B000B9BBA4 /* ViewCell.h */ = {isa = PBXFileReference; fileEncoding = 4; lastKnownFileType = sourcecode.c.h; path = ViewCell.h; sourceTree = "<group>"; };
		B35A0E041E63D6B000B9BBA4 /* ViewCell.m */ = {isa = PBXFileReference; fileEncoding = 4; lastKnownFileType = sourcecode.c.objc; path = ViewCell.m; sourceTree = "<group>"; };
		B35A0E051E63D6B000B9BBA4 /* ViewCell.xib */ = {isa = PBXFileReference; fileEncoding = 4; lastKnownFileType = file.xib; path = ViewCell.xib; sourceTree = "<group>"; };
		B394DF611E6517350088023B /* PrefixHeader.pch */ = {isa = PBXFileReference; lastKnownFileType = sourcecode.c.h; path = PrefixHeader.pch; sourceTree = "<group>"; };
		B394DF621E6567310088023B /* SNTableViewDataSourceSection.h */ = {isa = PBXFileReference; fileEncoding = 4; lastKnownFileType = sourcecode.c.h; path = SNTableViewDataSourceSection.h; sourceTree = "<group>"; };
		B394DF631E6567310088023B /* SNTableViewDataSourceSection.m */ = {isa = PBXFileReference; fileEncoding = 4; lastKnownFileType = sourcecode.c.objc; path = SNTableViewDataSourceSection.m; sourceTree = "<group>"; };
		B394DF651E669D1B0088023B /* TestViewController.h */ = {isa = PBXFileReference; fileEncoding = 4; lastKnownFileType = sourcecode.c.h; path = TestViewController.h; sourceTree = "<group>"; };
		B394DF661E669D1B0088023B /* TestViewController.m */ = {isa = PBXFileReference; fileEncoding = 4; lastKnownFileType = sourcecode.c.objc; path = TestViewController.m; sourceTree = "<group>"; };
		B394DF671E669D1B0088023B /* TestViewController.xib */ = {isa = PBXFileReference; fileEncoding = 4; lastKnownFileType = file.xib; path = TestViewController.xib; sourceTree = "<group>"; };
		B394DF6F1E66BDFD0088023B /* EXTScope.h */ = {isa = PBXFileReference; fileEncoding = 4; lastKnownFileType = sourcecode.c.h; path = EXTScope.h; sourceTree = "<group>"; };
		B394DF701E66BDFD0088023B /* EXTScope.m */ = {isa = PBXFileReference; fileEncoding = 4; lastKnownFileType = sourcecode.c.objc; path = EXTScope.m; sourceTree = "<group>"; };
		B394DF721E66BE350088023B /* metamacros.h */ = {isa = PBXFileReference; fileEncoding = 4; lastKnownFileType = sourcecode.c.h; path = metamacros.h; sourceTree = "<group>"; };
		B394DF751E67C5A30088023B /* MASCompositeConstraint.h */ = {isa = PBXFileReference; fileEncoding = 4; lastKnownFileType = sourcecode.c.h; path = MASCompositeConstraint.h; sourceTree = "<group>"; };
		B394DF761E67C5A30088023B /* MASCompositeConstraint.m */ = {isa = PBXFileReference; fileEncoding = 4; lastKnownFileType = sourcecode.c.objc; path = MASCompositeConstraint.m; sourceTree = "<group>"; };
		B394DF771E67C5A30088023B /* MASConstraint+Private.h */ = {isa = PBXFileReference; fileEncoding = 4; lastKnownFileType = sourcecode.c.h; path = "MASConstraint+Private.h"; sourceTree = "<group>"; };
		B394DF781E67C5A30088023B /* MASConstraint.h */ = {isa = PBXFileReference; fileEncoding = 4; lastKnownFileType = sourcecode.c.h; path = MASConstraint.h; sourceTree = "<group>"; };
		B394DF791E67C5A30088023B /* MASConstraint.m */ = {isa = PBXFileReference; fileEncoding = 4; lastKnownFileType = sourcecode.c.objc; path = MASConstraint.m; sourceTree = "<group>"; };
		B394DF7A1E67C5A30088023B /* MASConstraintMaker.h */ = {isa = PBXFileReference; fileEncoding = 4; lastKnownFileType = sourcecode.c.h; path = MASConstraintMaker.h; sourceTree = "<group>"; };
		B394DF7B1E67C5A30088023B /* MASConstraintMaker.m */ = {isa = PBXFileReference; fileEncoding = 4; lastKnownFileType = sourcecode.c.objc; path = MASConstraintMaker.m; sourceTree = "<group>"; };
		B394DF7C1E67C5A30088023B /* MASLayoutConstraint.h */ = {isa = PBXFileReference; fileEncoding = 4; lastKnownFileType = sourcecode.c.h; path = MASLayoutConstraint.h; sourceTree = "<group>"; };
		B394DF7D1E67C5A30088023B /* MASLayoutConstraint.m */ = {isa = PBXFileReference; fileEncoding = 4; lastKnownFileType = sourcecode.c.objc; path = MASLayoutConstraint.m; sourceTree = "<group>"; };
		B394DF7E1E67C5A30088023B /* Masonry.h */ = {isa = PBXFileReference; fileEncoding = 4; lastKnownFileType = sourcecode.c.h; path = Masonry.h; sourceTree = "<group>"; };
		B394DF7F1E67C5A30088023B /* MASUtilities.h */ = {isa = PBXFileReference; fileEncoding = 4; lastKnownFileType = sourcecode.c.h; path = MASUtilities.h; sourceTree = "<group>"; };
		B394DF801E67C5A30088023B /* MASViewAttribute.h */ = {isa = PBXFileReference; fileEncoding = 4; lastKnownFileType = sourcecode.c.h; path = MASViewAttribute.h; sourceTree = "<group>"; };
		B394DF811E67C5A30088023B /* MASViewAttribute.m */ = {isa = PBXFileReference; fileEncoding = 4; lastKnownFileType = sourcecode.c.objc; path = MASViewAttribute.m; sourceTree = "<group>"; };
		B394DF821E67C5A30088023B /* MASViewConstraint.h */ = {isa = PBXFileReference; fileEncoding = 4; lastKnownFileType = sourcecode.c.h; path = MASViewConstraint.h; sourceTree = "<group>"; };
		B394DF831E67C5A30088023B /* MASViewConstraint.m */ = {isa = PBXFileReference; fileEncoding = 4; lastKnownFileType = sourcecode.c.objc; path = MASViewConstraint.m; sourceTree = "<group>"; };
		B394DF841E67C5A30088023B /* NSArray+MASAdditions.h */ = {isa = PBXFileReference; fileEncoding = 4; lastKnownFileType = sourcecode.c.h; path = "NSArray+MASAdditions.h"; sourceTree = "<group>"; };
		B394DF851E67C5A30088023B /* NSArray+MASAdditions.m */ = {isa = PBXFileReference; fileEncoding = 4; lastKnownFileType = sourcecode.c.objc; path = "NSArray+MASAdditions.m"; sourceTree = "<group>"; };
		B394DF861E67C5A30088023B /* NSArray+MASShorthandAdditions.h */ = {isa = PBXFileReference; fileEncoding = 4; lastKnownFileType = sourcecode.c.h; path = "NSArray+MASShorthandAdditions.h"; sourceTree = "<group>"; };
		B394DF871E67C5A30088023B /* NSLayoutConstraint+MASDebugAdditions.h */ = {isa = PBXFileReference; fileEncoding = 4; lastKnownFileType = sourcecode.c.h; path = "NSLayoutConstraint+MASDebugAdditions.h"; sourceTree = "<group>"; };
		B394DF881E67C5A30088023B /* NSLayoutConstraint+MASDebugAdditions.m */ = {isa = PBXFileReference; fileEncoding = 4; lastKnownFileType = sourcecode.c.objc; path = "NSLayoutConstraint+MASDebugAdditions.m"; sourceTree = "<group>"; };
		B394DF891E67C5A30088023B /* View+MASAdditions.h */ = {isa = PBXFileReference; fileEncoding = 4; lastKnownFileType = sourcecode.c.h; path = "View+MASAdditions.h"; sourceTree = "<group>"; };
		B394DF8A1E67C5A30088023B /* View+MASAdditions.m */ = {isa = PBXFileReference; fileEncoding = 4; lastKnownFileType = sourcecode.c.objc; path = "View+MASAdditions.m"; sourceTree = "<group>"; };
		B394DF8B1E67C5A30088023B /* View+MASShorthandAdditions.h */ = {isa = PBXFileReference; fileEncoding = 4; lastKnownFileType = sourcecode.c.h; path = "View+MASShorthandAdditions.h"; sourceTree = "<group>"; };
		B394DF8C1E67C5A30088023B /* ViewController+MASAdditions.h */ = {isa = PBXFileReference; fileEncoding = 4; lastKnownFileType = sourcecode.c.h; path = "ViewController+MASAdditions.h"; sourceTree = "<group>"; };
		B394DF8D1E67C5A30088023B /* ViewController+MASAdditions.m */ = {isa = PBXFileReference; fileEncoding = 4; lastKnownFileType = sourcecode.c.objc; path = "ViewController+MASAdditions.m"; sourceTree = "<group>"; };
		B394DF991E67CB0F0088023B /* TestViewCell.h */ = {isa = PBXFileReference; fileEncoding = 4; lastKnownFileType = sourcecode.c.h; path = TestViewCell.h; sourceTree = "<group>"; };
		B394DF9A1E67CB0F0088023B /* TestViewCell.m */ = {isa = PBXFileReference; fileEncoding = 4; lastKnownFileType = sourcecode.c.objc; path = TestViewCell.m; sourceTree = "<group>"; };
		B394DF9D1E6813F80088023B /* activity1.jpg */ = {isa = PBXFileReference; lastKnownFileType = image.jpeg; path = activity1.jpg; sourceTree = "<group>"; };
		B394DF9E1E6813F80088023B /* activity2.jpg */ = {isa = PBXFileReference; lastKnownFileType = image.jpeg; path = activity2.jpg; sourceTree = "<group>"; };
		B394DF9F1E6813F80088023B /* activity3.jpg */ = {isa = PBXFileReference; lastKnownFileType = image.jpeg; path = activity3.jpg; sourceTree = "<group>"; };
		B394DFA01E6813F80088023B /* activity4.jpg */ = {isa = PBXFileReference; lastKnownFileType = image.jpeg; path = activity4.jpg; sourceTree = "<group>"; };
		B394DFA11E6813F80088023B /* avatar_01.jpg */ = {isa = PBXFileReference; lastKnownFileType = image.jpeg; path = avatar_01.jpg; sourceTree = "<group>"; };
		B394DFA21E6813F80088023B /* avatar_02.jpg */ = {isa = PBXFileReference; lastKnownFileType = image.jpeg; path = avatar_02.jpg; sourceTree = "<group>"; };
		B394DFA31E6813F80088023B /* avatar_03.jpg */ = {isa = PBXFileReference; lastKnownFileType = image.jpeg; path = avatar_03.jpg; sourceTree = "<group>"; };
		B394DFA41E6813F80088023B /* avatar_04.jpg */ = {isa = PBXFileReference; lastKnownFileType = image.jpeg; path = avatar_04.jpg; sourceTree = "<group>"; };
		B394DFA51E6813F80088023B /* avatar_05.jpg */ = {isa = PBXFileReference; lastKnownFileType = image.jpeg; path = avatar_05.jpg; sourceTree = "<group>"; };
		B394DFA61E6813F80088023B /* avatar_06.jpg */ = {isa = PBXFileReference; lastKnownFileType = image.jpeg; path = avatar_06.jpg; sourceTree = "<group>"; };
		B394DFA71E6813F80088023B /* avatar_07.jpg */ = {isa = PBXFileReference; lastKnownFileType = image.jpeg; path = avatar_07.jpg; sourceTree = "<group>"; };
		B394DFA81E6813F80088023B /* avatar_08.jpg */ = {isa = PBXFileReference; lastKnownFileType = image.jpeg; path = avatar_08.jpg; sourceTree = "<group>"; };
		B394DFA91E6813F80088023B /* banner1.png */ = {isa = PBXFileReference; lastKnownFileType = image.png; path = banner1.png; sourceTree = "<group>"; };
		B394DFAA1E6813F80088023B /* banner2.png */ = {isa = PBXFileReference; lastKnownFileType = image.png; path = banner2.png; sourceTree = "<group>"; };
		B394DFAB1E6813F80088023B /* banner3.png */ = {isa = PBXFileReference; lastKnownFileType = image.png; path = banner3.png; sourceTree = "<group>"; };
		B394DFAC1E6813F80088023B /* banner4.png */ = {isa = PBXFileReference; lastKnownFileType = image.png; path = banner4.png; sourceTree = "<group>"; };
		B394DFAD1E6813F80088023B /* banner5.png */ = {isa = PBXFileReference; lastKnownFileType = image.png; path = banner5.png; sourceTree = "<group>"; };
		B394DFAE1E6813F80088023B /* banner6.png */ = {isa = PBXFileReference; lastKnownFileType = image.png; path = banner6.png; sourceTree = "<group>"; };
		B394DFAF1E6813F80088023B /* category1.png */ = {isa = PBXFileReference; lastKnownFileType = image.png; path = category1.png; sourceTree = "<group>"; };
		B394DFB01E6813F80088023B /* category2.png */ = {isa = PBXFileReference; lastKnownFileType = image.png; path = category2.png; sourceTree = "<group>"; };
		B394DFB11E6813F80088023B /* category3.png */ = {isa = PBXFileReference; lastKnownFileType = image.png; path = category3.png; sourceTree = "<group>"; };
		B394DFB21E6813F80088023B /* category4.png */ = {isa = PBXFileReference; lastKnownFileType = image.png; path = category4.png; sourceTree = "<group>"; };
		B394DFB31E6813F80088023B /* category5.png */ = {isa = PBXFileReference; lastKnownFileType = image.png; path = category5.png; sourceTree = "<group>"; };
		B394DFB41E6813F80088023B /* category6.png */ = {isa = PBXFileReference; lastKnownFileType = image.png; path = category6.png; sourceTree = "<group>"; };
		B394DFB51E6813F80088023B /* category7.png */ = {isa = PBXFileReference; lastKnownFileType = image.png; path = category7.png; sourceTree = "<group>"; };
		B394DFB61E6813F80088023B /* category8.png */ = {isa = PBXFileReference; lastKnownFileType = image.png; path = category8.png; sourceTree = "<group>"; };
		B394DFB71E6813F80088023B /* feed.json */ = {isa = PBXFileReference; fileEncoding = 4; lastKnownFileType = text.json; path = feed.json; sourceTree = "<group>"; };
		B394DFB81E6813F80088023B /* goods1.jpg */ = {isa = PBXFileReference; lastKnownFileType = image.jpeg; path = goods1.jpg; sourceTree = "<group>"; };
		B394DFB91E6813F80088023B /* goods2.jpg */ = {isa = PBXFileReference; lastKnownFileType = image.jpeg; path = goods2.jpg; sourceTree = "<group>"; };
		B394DFBA1E6813F80088023B /* goods3.jpg */ = {isa = PBXFileReference; lastKnownFileType = image.jpeg; path = goods3.jpg; sourceTree = "<group>"; };
		B394DFBB1E6813F80088023B /* goods4.jpg */ = {isa = PBXFileReference; lastKnownFileType = image.jpeg; path = goods4.jpg; sourceTree = "<group>"; };
		B394DFBC1E6813F80088023B /* goods5.jpg */ = {isa = PBXFileReference; lastKnownFileType = image.jpeg; path = goods5.jpg; sourceTree = "<group>"; };
		B394DFBD1E6813F80088023B /* goods6.jpg */ = {isa = PBXFileReference; lastKnownFileType = image.jpeg; path = goods6.jpg; sourceTree = "<group>"; };
		B394DFBE1E6813F80088023B /* goods7.jpg */ = {isa = PBXFileReference; lastKnownFileType = image.jpeg; path = goods7.jpg; sourceTree = "<group>"; };
		B394DFBF1E6813F80088023B /* goods8.jpg */ = {isa = PBXFileReference; lastKnownFileType = image.jpeg; path = goods8.jpg; sourceTree = "<group>"; };
		B394DFC01E6813F80088023B /* image1.jpg */ = {isa = PBXFileReference; lastKnownFileType = image.jpeg; path = image1.jpg; sourceTree = "<group>"; };
		B394DFC11E6813F80088023B /* image2.jpg */ = {isa = PBXFileReference; lastKnownFileType = image.jpeg; path = image2.jpg; sourceTree = "<group>"; };
		B394DFC21E6813F80088023B /* image3.jpg */ = {isa = PBXFileReference; lastKnownFileType = image.jpeg; path = image3.jpg; sourceTree = "<group>"; };
		B394DFC31E6813F80088023B /* image4.jpg */ = {isa = PBXFileReference; lastKnownFileType = image.jpeg; path = image4.jpg; sourceTree = "<group>"; };
		B394DFC41E6813F80088023B /* image5.jpg */ = {isa = PBXFileReference; lastKnownFileType = image.jpeg; path = image5.jpg; sourceTree = "<group>"; };
		B394DFC51E6813F80088023B /* image6.jpg */ = {isa = PBXFileReference; lastKnownFileType = image.jpeg; path = image6.jpg; sourceTree = "<group>"; };
		B394DFC61E6813F80088023B /* index.json */ = {isa = PBXFileReference; fileEncoding = 4; lastKnownFileType = text.json; path = index.json; sourceTree = "<group>"; };
		B394DFC71E6813F80088023B /* reward.json */ = {isa = PBXFileReference; fileEncoding = 4; lastKnownFileType = text.json; path = reward.json; sourceTree = "<group>"; };
/* End PBXFileReference section */

/* Begin PBXFrameworksBuildPhase section */
		B35A0DAB1E63C85800B9BBA4 /* Frameworks */ = {
			isa = PBXFrameworksBuildPhase;
			buildActionMask = 2147483647;
			files = (
			);
			runOnlyForDeploymentPostprocessing = 0;
		};
		B35A0DC41E63C85800B9BBA4 /* Frameworks */ = {
			isa = PBXFrameworksBuildPhase;
			buildActionMask = 2147483647;
			files = (
			);
			runOnlyForDeploymentPostprocessing = 0;
		};
		B35A0DCF1E63C85800B9BBA4 /* Frameworks */ = {
			isa = PBXFrameworksBuildPhase;
			buildActionMask = 2147483647;
			files = (
			);
			runOnlyForDeploymentPostprocessing = 0;
		};
/* End PBXFrameworksBuildPhase section */

/* Begin PBXGroup section */
		B35A0DA51E63C85800B9BBA4 = {
			isa = PBXGroup;
			children = (
				B35A0DB01E63C85800B9BBA4 /* SNTableViewHelper */,
				B35A0DCA1E63C85800B9BBA4 /* SNTableViewHelperTests */,
				B35A0DD51E63C85800B9BBA4 /* SNTableViewHelperUITests */,
				B35A0DAF1E63C85800B9BBA4 /* Products */,
			);
			sourceTree = "<group>";
		};
		B35A0DAF1E63C85800B9BBA4 /* Products */ = {
			isa = PBXGroup;
			children = (
				B35A0DAE1E63C85800B9BBA4 /* SNTableViewHelper.app */,
				B35A0DC71E63C85800B9BBA4 /* SNTableViewHelperTests.xctest */,
				B35A0DD21E63C85800B9BBA4 /* SNTableViewHelperUITests.xctest */,
			);
			name = Products;
			sourceTree = "<group>";
		};
		B35A0DB01E63C85800B9BBA4 /* SNTableViewHelper */ = {
			isa = PBXGroup;
			children = (
				B35A0DB41E63C85800B9BBA4 /* AppDelegate.h */,
				B35A0DB51E63C85800B9BBA4 /* AppDelegate.m */,
				B35A0DB71E63C85800B9BBA4 /* ViewController.h */,
				B35A0DB81E63C85800B9BBA4 /* ViewController.m */,
				B35A0E031E63D6B000B9BBA4 /* ViewCell.h */,
				B35A0E041E63D6B000B9BBA4 /* ViewCell.m */,
				B35A0E051E63D6B000B9BBA4 /* ViewCell.xib */,
				B394DF651E669D1B0088023B /* TestViewController.h */,
				B394DF661E669D1B0088023B /* TestViewController.m */,
				B394DF671E669D1B0088023B /* TestViewController.xib */,
				B394DF991E67CB0F0088023B /* TestViewCell.h */,
				B394DF9A1E67CB0F0088023B /* TestViewCell.m */,
				B35A0DE41E63C96300B9BBA4 /* SNTableViewHelper */,
				B35A0DBA1E63C85800B9BBA4 /* Main.storyboard */,
				B35A0DBD1E63C85800B9BBA4 /* Assets.xcassets */,
				B35A0DBF1E63C85800B9BBA4 /* LaunchScreen.storyboard */,
				B35A0DC21E63C85800B9BBA4 /* Info.plist */,
				B394DF611E6517350088023B /* PrefixHeader.pch */,
				B35A0DB11E63C85800B9BBA4 /* Supporting Files */,
			);
			path = SNTableViewHelper;
			sourceTree = "<group>";
		};
		B35A0DB11E63C85800B9BBA4 /* Supporting Files */ = {
			isa = PBXGroup;
			children = (
				B35A0DB21E63C85800B9BBA4 /* main.m */,
			);
			name = "Supporting Files";
			sourceTree = "<group>";
		};
		B35A0DCA1E63C85800B9BBA4 /* SNTableViewHelperTests */ = {
			isa = PBXGroup;
			children = (
				B35A0DCB1E63C85800B9BBA4 /* SNTableViewHelperTests.m */,
				B35A0DCD1E63C85800B9BBA4 /* Info.plist */,
			);
			path = SNTableViewHelperTests;
			sourceTree = "<group>";
		};
		B35A0DD51E63C85800B9BBA4 /* SNTableViewHelperUITests */ = {
			isa = PBXGroup;
			children = (
				B35A0DD61E63C85800B9BBA4 /* SNTableViewHelperUITests.m */,
				B35A0DD81E63C85800B9BBA4 /* Info.plist */,
			);
			path = SNTableViewHelperUITests;
			sourceTree = "<group>";
		};
		B35A0DE41E63C96300B9BBA4 /* SNTableViewHelper */ = {
			isa = PBXGroup;
			children = (
				B35A0DE51E63C98A00B9BBA4 /* SNTableViewHelperManager.h */,
				B35A0DE61E63C98A00B9BBA4 /* SNTableViewHelperManager.m */,
				B35A0DE81E63CE2D00B9BBA4 /* UITableViewCell+SNTableViewHelper.h */,
				B35A0DE91E63CE2D00B9BBA4 /* UITableViewCell+SNTableViewHelper.m */,
				B35A0DEB1E63CE3C00B9BBA4 /* UITableView+SNTableViewHelper.h */,
				B35A0DEC1E63CE3C00B9BBA4 /* UITableView+SNTableViewHelper.m */,
				B35A0DEE1E63CE8300B9BBA4 /* SNTableViewProtocl.h */,
				B35A0DEF1E63CE8300B9BBA4 /* SNTableViewProtocl.m */,
				B35A0DF11E63CE9400B9BBA4 /* SNTableViewDataSource.h */,
				B35A0DF21E63CE9400B9BBA4 /* SNTableViewDataSource.m */,
				B35A0DF41E63CEA500B9BBA4 /* SNTableViewDelegate.h */,
				B35A0DF51E63CEA500B9BBA4 /* SNTableViewDelegate.m */,
				B394DF621E6567310088023B /* SNTableViewDataSourceSection.h */,
				B394DF631E6567310088023B /* SNTableViewDataSourceSection.m */,
				B35A0DF71E63CEDA00B9BBA4 /* SNTableViewSectionHelper.h */,
				B35A0DF81E63CEDA00B9BBA4 /* SNTableViewSectionHelper.m */,
				B35A0DFA1E63CEEC00B9BBA4 /* SNTableViewCellHelper.h */,
				B35A0DFB1E63CEEC00B9BBA4 /* SNTableViewCellHelper.m */,
				B35A0E001E63CF7800B9BBA4 /* SNTableViewHelper.h */,
				B35A0E011E63CF7800B9BBA4 /* SNTableViewHelper.m */,
				B394DF9C1E6813F80088023B /* assets */,
				B394DF731E67C5A30088023B /* Masonry */,
				B394DF6B1E66B5820088023B /* Utilities */,
			);
			path = SNTableViewHelper;
			sourceTree = "<group>";
		};
		B394DF6B1E66B5820088023B /* Utilities */ = {
			isa = PBXGroup;
			children = (
				B394DF6F1E66BDFD0088023B /* EXTScope.h */,
				B394DF701E66BDFD0088023B /* EXTScope.m */,
				B394DF721E66BE350088023B /* metamacros.h */,
			);
			path = Utilities;
			sourceTree = "<group>";
		};
		B394DF731E67C5A30088023B /* Masonry */ = {
			isa = PBXGroup;
			children = (
				B394DF751E67C5A30088023B /* MASCompositeConstraint.h */,
				B394DF761E67C5A30088023B /* MASCompositeConstraint.m */,
				B394DF771E67C5A30088023B /* MASConstraint+Private.h */,
				B394DF781E67C5A30088023B /* MASConstraint.h */,
				B394DF791E67C5A30088023B /* MASConstraint.m */,
				B394DF7A1E67C5A30088023B /* MASConstraintMaker.h */,
				B394DF7B1E67C5A30088023B /* MASConstraintMaker.m */,
				B394DF7C1E67C5A30088023B /* MASLayoutConstraint.h */,
				B394DF7D1E67C5A30088023B /* MASLayoutConstraint.m */,
				B394DF7E1E67C5A30088023B /* Masonry.h */,
				B394DF7F1E67C5A30088023B /* MASUtilities.h */,
				B394DF801E67C5A30088023B /* MASViewAttribute.h */,
				B394DF811E67C5A30088023B /* MASViewAttribute.m */,
				B394DF821E67C5A30088023B /* MASViewConstraint.h */,
				B394DF831E67C5A30088023B /* MASViewConstraint.m */,
				B394DF841E67C5A30088023B /* NSArray+MASAdditions.h */,
				B394DF851E67C5A30088023B /* NSArray+MASAdditions.m */,
				B394DF861E67C5A30088023B /* NSArray+MASShorthandAdditions.h */,
				B394DF871E67C5A30088023B /* NSLayoutConstraint+MASDebugAdditions.h */,
				B394DF881E67C5A30088023B /* NSLayoutConstraint+MASDebugAdditions.m */,
				B394DF891E67C5A30088023B /* View+MASAdditions.h */,
				B394DF8A1E67C5A30088023B /* View+MASAdditions.m */,
				B394DF8B1E67C5A30088023B /* View+MASShorthandAdditions.h */,
				B394DF8C1E67C5A30088023B /* ViewController+MASAdditions.h */,
				B394DF8D1E67C5A30088023B /* ViewController+MASAdditions.m */,
			);
			path = Masonry;
			sourceTree = "<group>";
		};
		B394DF9C1E6813F80088023B /* assets */ = {
			isa = PBXGroup;
			children = (
				B394DF9D1E6813F80088023B /* activity1.jpg */,
				B394DF9E1E6813F80088023B /* activity2.jpg */,
				B394DF9F1E6813F80088023B /* activity3.jpg */,
				B394DFA01E6813F80088023B /* activity4.jpg */,
				B394DFA11E6813F80088023B /* avatar_01.jpg */,
				B394DFA21E6813F80088023B /* avatar_02.jpg */,
				B394DFA31E6813F80088023B /* avatar_03.jpg */,
				B394DFA41E6813F80088023B /* avatar_04.jpg */,
				B394DFA51E6813F80088023B /* avatar_05.jpg */,
				B394DFA61E6813F80088023B /* avatar_06.jpg */,
				B394DFA71E6813F80088023B /* avatar_07.jpg */,
				B394DFA81E6813F80088023B /* avatar_08.jpg */,
				B394DFA91E6813F80088023B /* banner1.png */,
				B394DFAA1E6813F80088023B /* banner2.png */,
				B394DFAB1E6813F80088023B /* banner3.png */,
				B394DFAC1E6813F80088023B /* banner4.png */,
				B394DFAD1E6813F80088023B /* banner5.png */,
				B394DFAE1E6813F80088023B /* banner6.png */,
				B394DFAF1E6813F80088023B /* category1.png */,
				B394DFB01E6813F80088023B /* category2.png */,
				B394DFB11E6813F80088023B /* category3.png */,
				B394DFB21E6813F80088023B /* category4.png */,
				B394DFB31E6813F80088023B /* category5.png */,
				B394DFB41E6813F80088023B /* category6.png */,
				B394DFB51E6813F80088023B /* category7.png */,
				B394DFB61E6813F80088023B /* category8.png */,
				B394DFB71E6813F80088023B /* feed.json */,
				B394DFB81E6813F80088023B /* goods1.jpg */,
				B394DFB91E6813F80088023B /* goods2.jpg */,
				B394DFBA1E6813F80088023B /* goods3.jpg */,
				B394DFBB1E6813F80088023B /* goods4.jpg */,
				B394DFBC1E6813F80088023B /* goods5.jpg */,
				B394DFBD1E6813F80088023B /* goods6.jpg */,
				B394DFBE1E6813F80088023B /* goods7.jpg */,
				B394DFBF1E6813F80088023B /* goods8.jpg */,
				B394DFC01E6813F80088023B /* image1.jpg */,
				B394DFC11E6813F80088023B /* image2.jpg */,
				B394DFC21E6813F80088023B /* image3.jpg */,
				B394DFC31E6813F80088023B /* image4.jpg */,
				B394DFC41E6813F80088023B /* image5.jpg */,
				B394DFC51E6813F80088023B /* image6.jpg */,
				B394DFC61E6813F80088023B /* index.json */,
				B394DFC71E6813F80088023B /* reward.json */,
			);
			path = assets;
			sourceTree = "<group>";
		};
/* End PBXGroup section */

/* Begin PBXNativeTarget section */
		B35A0DAD1E63C85800B9BBA4 /* SNTableViewHelper */ = {
			isa = PBXNativeTarget;
			buildConfigurationList = B35A0DDB1E63C85800B9BBA4 /* Build configuration list for PBXNativeTarget "SNTableViewHelper" */;
			buildPhases = (
				B35A0DAA1E63C85800B9BBA4 /* Sources */,
				B35A0DAB1E63C85800B9BBA4 /* Frameworks */,
				B35A0DAC1E63C85800B9BBA4 /* Resources */,
			);
			buildRules = (
			);
			dependencies = (
			);
			name = SNTableViewHelper;
			productName = SNTableViewHelper;
			productReference = B35A0DAE1E63C85800B9BBA4 /* SNTableViewHelper.app */;
			productType = "com.apple.product-type.application";
		};
		B35A0DC61E63C85800B9BBA4 /* SNTableViewHelperTests */ = {
			isa = PBXNativeTarget;
			buildConfigurationList = B35A0DDE1E63C85800B9BBA4 /* Build configuration list for PBXNativeTarget "SNTableViewHelperTests" */;
			buildPhases = (
				B35A0DC31E63C85800B9BBA4 /* Sources */,
				B35A0DC41E63C85800B9BBA4 /* Frameworks */,
				B35A0DC51E63C85800B9BBA4 /* Resources */,
			);
			buildRules = (
			);
			dependencies = (
				B35A0DC91E63C85800B9BBA4 /* PBXTargetDependency */,
			);
			name = SNTableViewHelperTests;
			productName = SNTableViewHelperTests;
			productReference = B35A0DC71E63C85800B9BBA4 /* SNTableViewHelperTests.xctest */;
			productType = "com.apple.product-type.bundle.unit-test";
		};
		B35A0DD11E63C85800B9BBA4 /* SNTableViewHelperUITests */ = {
			isa = PBXNativeTarget;
			buildConfigurationList = B35A0DE11E63C85800B9BBA4 /* Build configuration list for PBXNativeTarget "SNTableViewHelperUITests" */;
			buildPhases = (
				B35A0DCE1E63C85800B9BBA4 /* Sources */,
				B35A0DCF1E63C85800B9BBA4 /* Frameworks */,
				B35A0DD01E63C85800B9BBA4 /* Resources */,
			);
			buildRules = (
			);
			dependencies = (
				B35A0DD41E63C85800B9BBA4 /* PBXTargetDependency */,
			);
			name = SNTableViewHelperUITests;
			productName = SNTableViewHelperUITests;
			productReference = B35A0DD21E63C85800B9BBA4 /* SNTableViewHelperUITests.xctest */;
			productType = "com.apple.product-type.bundle.ui-testing";
		};
/* End PBXNativeTarget section */

/* Begin PBXProject section */
		B35A0DA61E63C85800B9BBA4 /* Project object */ = {
			isa = PBXProject;
			attributes = {
				LastUpgradeCheck = 0820;
				ORGANIZATIONNAME = snlo;
				TargetAttributes = {
					B35A0DAD1E63C85800B9BBA4 = {
						CreatedOnToolsVersion = 8.2.1;
						ProvisioningStyle = Automatic;
					};
					B35A0DC61E63C85800B9BBA4 = {
						CreatedOnToolsVersion = 8.2.1;
						ProvisioningStyle = Automatic;
						TestTargetID = B35A0DAD1E63C85800B9BBA4;
					};
					B35A0DD11E63C85800B9BBA4 = {
						CreatedOnToolsVersion = 8.2.1;
						ProvisioningStyle = Automatic;
						TestTargetID = B35A0DAD1E63C85800B9BBA4;
					};
				};
			};
			buildConfigurationList = B35A0DA91E63C85800B9BBA4 /* Build configuration list for PBXProject "SNTableViewHelper" */;
			compatibilityVersion = "Xcode 3.2";
			developmentRegion = English;
			hasScannedForEncodings = 0;
			knownRegions = (
				en,
				Base,
			);
			mainGroup = B35A0DA51E63C85800B9BBA4;
			productRefGroup = B35A0DAF1E63C85800B9BBA4 /* Products */;
			projectDirPath = "";
			projectRoot = "";
			targets = (
				B35A0DAD1E63C85800B9BBA4 /* SNTableViewHelper */,
				B35A0DC61E63C85800B9BBA4 /* SNTableViewHelperTests */,
				B35A0DD11E63C85800B9BBA4 /* SNTableViewHelperUITests */,
			);
		};
/* End PBXProject section */

/* Begin PBXResourcesBuildPhase section */
		B35A0DAC1E63C85800B9BBA4 /* Resources */ = {
			isa = PBXResourcesBuildPhase;
			buildActionMask = 2147483647;
			files = (
				B394DFDD1E6813F80088023B /* category4.png in Resources */,
				B394DFEF1E6813F80088023B /* image5.jpg in Resources */,
				B394DFD11E6813F80088023B /* avatar_06.jpg in Resources */,
				B394DFD31E6813F80088023B /* avatar_08.jpg in Resources */,
				B394DFDE1E6813F80088023B /* category5.png in Resources */,
				B394DFD21E6813F80088023B /* avatar_07.jpg in Resources */,
				B394DFE41E6813F80088023B /* goods2.jpg in Resources */,
				B394DFE21E6813F80088023B /* feed.json in Resources */,
				B394DFCB1E6813F80088023B /* activity4.jpg in Resources */,
				B394DFE51E6813F80088023B /* goods3.jpg in Resources */,
				B394DFEB1E6813F80088023B /* image1.jpg in Resources */,
				B394DFD71E6813F80088023B /* banner4.png in Resources */,
				B394DFCD1E6813F80088023B /* avatar_02.jpg in Resources */,
				B394DFEE1E6813F80088023B /* image4.jpg in Resources */,
				B394DFC81E6813F80088023B /* activity1.jpg in Resources */,
				B394DFD01E6813F80088023B /* avatar_05.jpg in Resources */,
				B394DFEA1E6813F80088023B /* goods8.jpg in Resources */,
				B35A0E071E63D6B000B9BBA4 /* ViewCell.xib in Resources */,
				B394DFCF1E6813F80088023B /* avatar_04.jpg in Resources */,
				B394DF691E669D1B0088023B /* TestViewController.xib in Resources */,
				B35A0DC11E63C85800B9BBA4 /* LaunchScreen.storyboard in Resources */,
				B394DFE61E6813F80088023B /* goods4.jpg in Resources */,
				B394DFCC1E6813F80088023B /* avatar_01.jpg in Resources */,
				B394DFE11E6813F80088023B /* category8.png in Resources */,
				B394DFCA1E6813F80088023B /* activity3.jpg in Resources */,
				B394DFD41E6813F80088023B /* banner1.png in Resources */,
				B394DFDA1E6813F80088023B /* category1.png in Resources */,
				B394DFE31E6813F80088023B /* goods1.jpg in Resources */,
				B394DFE71E6813F80088023B /* goods5.jpg in Resources */,
				B394DFDB1E6813F80088023B /* category2.png in Resources */,
				B394DFE91E6813F80088023B /* goods7.jpg in Resources */,
				B394DFF11E6813F80088023B /* index.json in Resources */,
				B394DFD51E6813F80088023B /* banner2.png in Resources */,
				B394DFDF1E6813F80088023B /* category6.png in Resources */,
				B394DFE01E6813F80088023B /* category7.png in Resources */,
				B35A0DBE1E63C85800B9BBA4 /* Assets.xcassets in Resources */,
				B394DFED1E6813F80088023B /* image3.jpg in Resources */,
				B394DFF01E6813F80088023B /* image6.jpg in Resources */,
				B394DFD81E6813F80088023B /* banner5.png in Resources */,
				B394DFEC1E6813F80088023B /* image2.jpg in Resources */,
				B394DFF21E6813F80088023B /* reward.json in Resources */,
				B394DFE81E6813F80088023B /* goods6.jpg in Resources */,
				B394DFCE1E6813F80088023B /* avatar_03.jpg in Resources */,
				B394DFDC1E6813F80088023B /* category3.png in Resources */,
				B394DFD91E6813F80088023B /* banner6.png in Resources */,
				B35A0DBC1E63C85800B9BBA4 /* Main.storyboard in Resources */,
				B394DFC91E6813F80088023B /* activity2.jpg in Resources */,
				B394DFD61E6813F80088023B /* banner3.png in Resources */,
			);
			runOnlyForDeploymentPostprocessing = 0;
		};
		B35A0DC51E63C85800B9BBA4 /* Resources */ = {
			isa = PBXResourcesBuildPhase;
			buildActionMask = 2147483647;
			files = (
			);
			runOnlyForDeploymentPostprocessing = 0;
		};
		B35A0DD01E63C85800B9BBA4 /* Resources */ = {
			isa = PBXResourcesBuildPhase;
			buildActionMask = 2147483647;
			files = (
			);
			runOnlyForDeploymentPostprocessing = 0;
		};
/* End PBXResourcesBuildPhase section */

/* Begin PBXSourcesBuildPhase section */
		B35A0DAA1E63C85800B9BBA4 /* Sources */ = {
			isa = PBXSourcesBuildPhase;
			buildActionMask = 2147483647;
			files = (
				B394DF711E66BDFD0088023B /* EXTScope.m in Sources */,
				B394DF941E67C5A30088023B /* MASViewConstraint.m in Sources */,
				B394DF9B1E67CB0F0088023B /* TestViewCell.m in Sources */,
				B35A0DE71E63C98A00B9BBA4 /* SNTableViewHelperManager.m in Sources */,
				B394DF901E67C5A30088023B /* MASConstraint.m in Sources */,
				B35A0DF31E63CE9400B9BBA4 /* SNTableViewDataSource.m in Sources */,
				B35A0E021E63CF7800B9BBA4 /* SNTableViewHelper.m in Sources */,
				B35A0DFC1E63CEEC00B9BBA4 /* SNTableViewCellHelper.m in Sources */,
				B35A0DB91E63C85800B9BBA4 /* ViewController.m in Sources */,
				B394DF981E67C5A30088023B /* ViewController+MASAdditions.m in Sources */,
				B394DF971E67C5A30088023B /* View+MASAdditions.m in Sources */,
				B35A0DF01E63CE8300B9BBA4 /* SNTableViewProtocl.m in Sources */,
				B394DF931E67C5A30088023B /* MASViewAttribute.m in Sources */,
				B35A0DF91E63CEDA00B9BBA4 /* SNTableViewSectionHelper.m in Sources */,
				B35A0DB61E63C85800B9BBA4 /* AppDelegate.m in Sources */,
				B35A0DF61E63CEA500B9BBA4 /* SNTableViewDelegate.m in Sources */,
				B394DF8F1E67C5A30088023B /* MASCompositeConstraint.m in Sources */,
				B394DF921E67C5A30088023B /* MASLayoutConstraint.m in Sources */,
				B394DF681E669D1B0088023B /* TestViewController.m in Sources */,
				B394DF641E6567310088023B /* SNTableViewDataSourceSection.m in Sources */,
				B394DF911E67C5A30088023B /* MASConstraintMaker.m in Sources */,
				B394DF951E67C5A30088023B /* NSArray+MASAdditions.m in Sources */,
				B35A0DB31E63C85800B9BBA4 /* main.m in Sources */,
				B35A0DED1E63CE3C00B9BBA4 /* UITableView+SNTableViewHelper.m in Sources */,
				B35A0DEA1E63CE2D00B9BBA4 /* UITableViewCell+SNTableViewHelper.m in Sources */,
				B35A0E061E63D6B000B9BBA4 /* ViewCell.m in Sources */,
				B394DF961E67C5A30088023B /* NSLayoutConstraint+MASDebugAdditions.m in Sources */,
			);
			runOnlyForDeploymentPostprocessing = 0;
		};
		B35A0DC31E63C85800B9BBA4 /* Sources */ = {
			isa = PBXSourcesBuildPhase;
			buildActionMask = 2147483647;
			files = (
				B35A0DCC1E63C85800B9BBA4 /* SNTableViewHelperTests.m in Sources */,
			);
			runOnlyForDeploymentPostprocessing = 0;
		};
		B35A0DCE1E63C85800B9BBA4 /* Sources */ = {
			isa = PBXSourcesBuildPhase;
			buildActionMask = 2147483647;
			files = (
				B35A0DD71E63C85800B9BBA4 /* SNTableViewHelperUITests.m in Sources */,
			);
			runOnlyForDeploymentPostprocessing = 0;
		};
/* End PBXSourcesBuildPhase section */

/* Begin PBXTargetDependency section */
		B35A0DC91E63C85800B9BBA4 /* PBXTargetDependency */ = {
			isa = PBXTargetDependency;
			target = B35A0DAD1E63C85800B9BBA4 /* SNTableViewHelper */;
			targetProxy = B35A0DC81E63C85800B9BBA4 /* PBXContainerItemProxy */;
		};
		B35A0DD41E63C85800B9BBA4 /* PBXTargetDependency */ = {
			isa = PBXTargetDependency;
			target = B35A0DAD1E63C85800B9BBA4 /* SNTableViewHelper */;
			targetProxy = B35A0DD31E63C85800B9BBA4 /* PBXContainerItemProxy */;
		};
/* End PBXTargetDependency section */

/* Begin PBXVariantGroup section */
		B35A0DBA1E63C85800B9BBA4 /* Main.storyboard */ = {
			isa = PBXVariantGroup;
			children = (
				B35A0DBB1E63C85800B9BBA4 /* Base */,
			);
			name = Main.storyboard;
			sourceTree = "<group>";
		};
		B35A0DBF1E63C85800B9BBA4 /* LaunchScreen.storyboard */ = {
			isa = PBXVariantGroup;
			children = (
				B35A0DC01E63C85800B9BBA4 /* Base */,
			);
			name = LaunchScreen.storyboard;
			sourceTree = "<group>";
		};
/* End PBXVariantGroup section */

/* Begin XCBuildConfiguration section */
		B35A0DD91E63C85800B9BBA4 /* Debug */ = {
			isa = XCBuildConfiguration;
			buildSettings = {
				ALWAYS_SEARCH_USER_PATHS = NO;
				CLANG_ANALYZER_NONNULL = YES;
				CLANG_CXX_LANGUAGE_STANDARD = "gnu++0x";
				CLANG_CXX_LIBRARY = "libc++";
				CLANG_ENABLE_MODULES = YES;
				CLANG_ENABLE_OBJC_ARC = YES;
				CLANG_WARN_BOOL_CONVERSION = YES;
				CLANG_WARN_CONSTANT_CONVERSION = YES;
				CLANG_WARN_DIRECT_OBJC_ISA_USAGE = YES_ERROR;
				CLANG_WARN_DOCUMENTATION_COMMENTS = YES;
				CLANG_WARN_EMPTY_BODY = YES;
				CLANG_WARN_ENUM_CONVERSION = YES;
				CLANG_WARN_INFINITE_RECURSION = YES;
				CLANG_WARN_INT_CONVERSION = YES;
				CLANG_WARN_OBJC_ROOT_CLASS = YES_ERROR;
				CLANG_WARN_SUSPICIOUS_MOVE = YES;
				CLANG_WARN_UNREACHABLE_CODE = YES;
				CLANG_WARN__DUPLICATE_METHOD_MATCH = YES;
				"CODE_SIGN_IDENTITY[sdk=iphoneos*]" = "iPhone Developer";
				COPY_PHASE_STRIP = NO;
				DEBUG_INFORMATION_FORMAT = dwarf;
				ENABLE_STRICT_OBJC_MSGSEND = YES;
				ENABLE_TESTABILITY = YES;
				GCC_C_LANGUAGE_STANDARD = gnu99;
				GCC_DYNAMIC_NO_PIC = NO;
				GCC_NO_COMMON_BLOCKS = YES;
				GCC_OPTIMIZATION_LEVEL = 0;
				GCC_PREPROCESSOR_DEFINITIONS = (
					"DEBUG=1",
					"$(inherited)",
				);
				GCC_WARN_64_TO_32_BIT_CONVERSION = YES;
				GCC_WARN_ABOUT_RETURN_TYPE = YES_ERROR;
				GCC_WARN_UNDECLARED_SELECTOR = YES;
				GCC_WARN_UNINITIALIZED_AUTOS = YES_AGGRESSIVE;
				GCC_WARN_UNUSED_FUNCTION = YES;
				GCC_WARN_UNUSED_VARIABLE = YES;
				IPHONEOS_DEPLOYMENT_TARGET = 10.2;
				MTL_ENABLE_DEBUG_INFO = YES;
				ONLY_ACTIVE_ARCH = YES;
				SDKROOT = iphoneos;
				TARGETED_DEVICE_FAMILY = "1,2";
			};
			name = Debug;
		};
		B35A0DDA1E63C85800B9BBA4 /* Release */ = {
			isa = XCBuildConfiguration;
			buildSettings = {
				ALWAYS_SEARCH_USER_PATHS = NO;
				CLANG_ANALYZER_NONNULL = YES;
				CLANG_CXX_LANGUAGE_STANDARD = "gnu++0x";
				CLANG_CXX_LIBRARY = "libc++";
				CLANG_ENABLE_MODULES = YES;
				CLANG_ENABLE_OBJC_ARC = YES;
				CLANG_WARN_BOOL_CONVERSION = YES;
				CLANG_WARN_CONSTANT_CONVERSION = YES;
				CLANG_WARN_DIRECT_OBJC_ISA_USAGE = YES_ERROR;
				CLANG_WARN_DOCUMENTATION_COMMENTS = YES;
				CLANG_WARN_EMPTY_BODY = YES;
				CLANG_WARN_ENUM_CONVERSION = YES;
				CLANG_WARN_INFINITE_RECURSION = YES;
				CLANG_WARN_INT_CONVERSION = YES;
				CLANG_WARN_OBJC_ROOT_CLASS = YES_ERROR;
				CLANG_WARN_SUSPICIOUS_MOVE = YES;
				CLANG_WARN_UNREACHABLE_CODE = YES;
				CLANG_WARN__DUPLICATE_METHOD_MATCH = YES;
				"CODE_SIGN_IDENTITY[sdk=iphoneos*]" = "iPhone Developer";
				COPY_PHASE_STRIP = NO;
				DEBUG_INFORMATION_FORMAT = "dwarf-with-dsym";
				ENABLE_NS_ASSERTIONS = NO;
				ENABLE_STRICT_OBJC_MSGSEND = YES;
				GCC_C_LANGUAGE_STANDARD = gnu99;
				GCC_NO_COMMON_BLOCKS = YES;
				GCC_WARN_64_TO_32_BIT_CONVERSION = YES;
				GCC_WARN_ABOUT_RETURN_TYPE = YES_ERROR;
				GCC_WARN_UNDECLARED_SELECTOR = YES;
				GCC_WARN_UNINITIALIZED_AUTOS = YES_AGGRESSIVE;
				GCC_WARN_UNUSED_FUNCTION = YES;
				GCC_WARN_UNUSED_VARIABLE = YES;
				IPHONEOS_DEPLOYMENT_TARGET = 10.2;
				MTL_ENABLE_DEBUG_INFO = NO;
				SDKROOT = iphoneos;
				TARGETED_DEVICE_FAMILY = "1,2";
				VALIDATE_PRODUCT = YES;
			};
			name = Release;
		};
		B35A0DDC1E63C85800B9BBA4 /* Debug */ = {
			isa = XCBuildConfiguration;
			buildSettings = {
				ASSETCATALOG_COMPILER_APPICON_NAME = AppIcon;
				GCC_PREFIX_HEADER = "$(SRCROOT)/SNTableViewHelper/PrefixHeader.pch";
				INFOPLIST_FILE = SNTableViewHelper/Info.plist;
				IPHONEOS_DEPLOYMENT_TARGET = 8.0;
				LD_RUNPATH_SEARCH_PATHS = "$(inherited) @executable_path/Frameworks";
				PRODUCT_BUNDLE_IDENTIFIER = snloveydus.SNTableViewHelper;
				PRODUCT_NAME = "$(TARGET_NAME)";
			};
			name = Debug;
		};
		B35A0DDD1E63C85800B9BBA4 /* Release */ = {
			isa = XCBuildConfiguration;
			buildSettings = {
				ASSETCATALOG_COMPILER_APPICON_NAME = AppIcon;
				GCC_PREFIX_HEADER = "$(SRCROOT)/SNTableViewHelper/PrefixHeader.pch";
				INFOPLIST_FILE = SNTableViewHelper/Info.plist;
				IPHONEOS_DEPLOYMENT_TARGET = 8.0;
				LD_RUNPATH_SEARCH_PATHS = "$(inherited) @executable_path/Frameworks";
				PRODUCT_BUNDLE_IDENTIFIER = snloveydus.SNTableViewHelper;
				PRODUCT_NAME = "$(TARGET_NAME)";
			};
			name = Release;
		};
		B35A0DDF1E63C85800B9BBA4 /* Debug */ = {
			isa = XCBuildConfiguration;
			buildSettings = {
				BUNDLE_LOADER = "$(TEST_HOST)";
				INFOPLIST_FILE = SNTableViewHelperTests/Info.plist;
				LD_RUNPATH_SEARCH_PATHS = "$(inherited) @executable_path/Frameworks @loader_path/Frameworks";
				PRODUCT_BUNDLE_IDENTIFIER = snloveydus.SNTableViewHelperTests;
				PRODUCT_NAME = "$(TARGET_NAME)";
				TEST_HOST = "$(BUILT_PRODUCTS_DIR)/SNTableViewHelper.app/SNTableViewHelper";
			};
			name = Debug;
		};
		B35A0DE01E63C85800B9BBA4 /* Release */ = {
			isa = XCBuildConfiguration;
			buildSettings = {
				BUNDLE_LOADER = "$(TEST_HOST)";
				INFOPLIST_FILE = SNTableViewHelperTests/Info.plist;
				LD_RUNPATH_SEARCH_PATHS = "$(inherited) @executable_path/Frameworks @loader_path/Frameworks";
				PRODUCT_BUNDLE_IDENTIFIER = snloveydus.SNTableViewHelperTests;
				PRODUCT_NAME = "$(TARGET_NAME)";
				TEST_HOST = "$(BUILT_PRODUCTS_DIR)/SNTableViewHelper.app/SNTableViewHelper";
			};
			name = Release;
		};
		B35A0DE21E63C85800B9BBA4 /* Debug */ = {
			isa = XCBuildConfiguration;
			buildSettings = {
				INFOPLIST_FILE = SNTableViewHelperUITests/Info.plist;
				LD_RUNPATH_SEARCH_PATHS = "$(inherited) @executable_path/Frameworks @loader_path/Frameworks";
				PRODUCT_BUNDLE_IDENTIFIER = snloveydus.SNTableViewHelperUITests;
				PRODUCT_NAME = "$(TARGET_NAME)";
				TEST_TARGET_NAME = SNTableViewHelper;
			};
			name = Debug;
		};
		B35A0DE31E63C85800B9BBA4 /* Release */ = {
			isa = XCBuildConfiguration;
			buildSettings = {
				INFOPLIST_FILE = SNTableViewHelperUITests/Info.plist;
				LD_RUNPATH_SEARCH_PATHS = "$(inherited) @executable_path/Frameworks @loader_path/Frameworks";
				PRODUCT_BUNDLE_IDENTIFIER = snloveydus.SNTableViewHelperUITests;
				PRODUCT_NAME = "$(TARGET_NAME)";
				TEST_TARGET_NAME = SNTableViewHelper;
			};
			name = Release;
		};
/* End XCBuildConfiguration section */

/* Begin XCConfigurationList section */
		B35A0DA91E63C85800B9BBA4 /* Build configuration list for PBXProject "SNTableViewHelper" */ = {
			isa = XCConfigurationList;
			buildConfigurations = (
				B35A0DD91E63C85800B9BBA4 /* Debug */,
				B35A0DDA1E63C85800B9BBA4 /* Release */,
			);
			defaultConfigurationIsVisible = 0;
			defaultConfigurationName = Release;
		};
		B35A0DDB1E63C85800B9BBA4 /* Build configuration list for PBXNativeTarget "SNTableViewHelper" */ = {
			isa = XCConfigurationList;
			buildConfigurations = (
				B35A0DDC1E63C85800B9BBA4 /* Debug */,
				B35A0DDD1E63C85800B9BBA4 /* Release */,
			);
			defaultConfigurationIsVisible = 0;
			defaultConfigurationName = Release;
		};
		B35A0DDE1E63C85800B9BBA4 /* Build configuration list for PBXNativeTarget "SNTableViewHelperTests" */ = {
			isa = XCConfigurationList;
			buildConfigurations = (
				B35A0DDF1E63C85800B9BBA4 /* Debug */,
				B35A0DE01E63C85800B9BBA4 /* Release */,
			);
			defaultConfigurationIsVisible = 0;
			defaultConfigurationName = Release;
		};
		B35A0DE11E63C85800B9BBA4 /* Build configuration list for PBXNativeTarget "SNTableViewHelperUITests" */ = {
			isa = XCConfigurationList;
			buildConfigurations = (
				B35A0DE21E63C85800B9BBA4 /* Debug */,
				B35A0DE31E63C85800B9BBA4 /* Release */,
			);
			defaultConfigurationIsVisible = 0;
			defaultConfigurationName = Release;
		};
/* End XCConfigurationList section */
	};
	rootObject = B35A0DA61E63C85800B9BBA4 /* Project object */;
}
